
Microsoft Visual Studio Solution File, Format Version 12.00
# Visual Studio Express 2012 for Windows Desktop
Project("{FAE04EC0-301F-11D3-BF4B-00C04F79EFBC}") = "ConsoleApplication1", "ConsoleApplication1\ConsoleApplication1.csproj", "{663C9DA0-659C-4301-A152-7A1CEFA41FA2}"
EndProject
Project("{FAE04EC0-301F-11D3-BF4B-00C04F79EFBC}") = "SumOF2Numbers", "SumOF2Numbers\SumOF2Numbers.csproj", "{2E723A08-BB70-43A2-B4EB-3213E994C159}"
EndProject
Project("{FAE04EC0-301F-11D3-BF4B-00C04F79EFBC}") = "Sunglasses", "Sunglasses\Sunglasses.csproj", "{5A71E46E-275D-413A-829D-9213E08E3D3E}"
EndProject
Project("{FAE04EC0-301F-11D3-BF4B-00C04F79EFBC}") = "Magic", "Magic\Magic.csproj", "{749A771C-F797-4366-A334-8F4FFE1AFF93}"
EndProject
Project("{FAE04EC0-301F-11D3-BF4B-00C04F79EFBC}") = "Volleyballt", "Volleyballt\Volleyballt.csproj", "{19162C89-94F8-42BF-B3C7-EFA0A2FCDBDC}"
EndProject
Project("{FAE04EC0-301F-11D3-BF4B-00C04F79EFBC}") = "OddEvenNumbers", "OddEvenNumbers\OddEvenNumbers.csproj", "{2D23C93C-2F04-46AC-A0D7-5440707B9F0F}"
EndProject
Project("{FAE04EC0-301F-11D3-BF4B-00C04F79EFBC}") = "Cartesian", "Cartesian\Cartesian.csproj", "{318C3DEE-0646-40EB-9F8A-BE8656EEDA2D}"
EndProject
Project("{FAE04EC0-301F-11D3-BF4B-00C04F79EFBC}") = "Tribonaci", "Tribonaci\Tribonaci.csproj", "{2350A954-7859-42B0-A6FE-9329688369CF}"
EndProject
Project("{FAE04EC0-301F-11D3-BF4B-00C04F79EFBC}") = "Sandlass", "Sandlass\Sandlass.csproj", "{0F29BB8C-639B-4FA1-AB55-D974520CB199}"
EndProject
Project("{FAE04EC0-301F-11D3-BF4B-00C04F79EFBC}") = "BullsAndCows", "BullsAndCows\BullsAndCows.csproj", "{BDB43C7E-528D-4293-A690-B843EC31FA8B}"
EndProject
Project("{FAE04EC0-301F-11D3-BF4B-00C04F79EFBC}") = "Bits", "Bits\Bits.csproj", "{F61EF271-79A3-4013-B03E-7BB2D5397AF2}"
EndProject
Project("{FAE04EC0-301F-11D3-BF4B-00C04F79EFBC}") = "LeliaVanche", "LeliaVanche\LeliaVanche.csproj", "{A1A7A6EC-4DBD-4677-9023-B9E226A644D6}"
EndProject
Project("{FAE04EC0-301F-11D3-BF4B-00C04F79EFBC}") = "SumOfElements", "..\SumOfElements\SumOfElements.csproj", "{51AEA36F-E4B7-4456-AD67-088FE85A45DA}"
EndProject
Project("{FAE04EC0-301F-11D3-BF4B-00C04F79EFBC}") = "TheExplorer", "TheExplorer\TheExplorer.csproj", "{DB66FA1E-E217-447E-927F-4F19F7E66D64}"
EndProject
Project("{FAE04EC0-301F-11D3-BF4B-00C04F79EFBC}") = "Example", "Example\Example.csproj", "{90DFA915-23DD-49AE-863D-24C9326243AF}"
EndProject
Project("{FAE04EC0-301F-11D3-BF4B-00C04F79EFBC}") = "Cinema", "Cinema\Cinema.csproj", "{2630004B-101C-4590-BB57-CA0DD1B576AB}"
EndProject
Project("{FAE04EC0-301F-11D3-BF4B-00C04F79EFBC}") = "Illuminati", "Illuminati\Illuminati.csproj", "{0451F38C-2E90-459F-A918-A6A03A4A6CCE}"
EndProject
Project("{FAE04EC0-301F-11D3-BF4B-00C04F79EFBC}") = "NewHouse", "NewHouse\NewHouse.csproj", "{3DAA23FD-F75C-4F0D-B982-176D61E912C8}"
EndProject
Project("{FAE04EC0-301F-11D3-BF4B-00C04F79EFBC}") = "CrossingSequences", "CrossingSequences\CrossingSequences.csproj", "{08BC1FC7-2730-4BC6-807B-E482E491B131}"
EndProject
Project("{FAE04EC0-301F-11D3-BF4B-00C04F79EFBC}") = "Triangle", "Triangle\Triangle.csproj", "{4A11774E-32D8-4BBA-91C8-545B45F3A66B}"
EndProject
Project("{FAE04EC0-301F-11D3-BF4B-00C04F79EFBC}") = "Pairs", "Pairs\Pairs.csproj", "{A03DC2EB-A09A-40BD-A521-A5FFECD90098}"
EndProject
Project("{FAE04EC0-301F-11D3-BF4B-00C04F79EFBC}") = "House", "House\House.csproj", "{6AB354FA-AA07-4A36-9647-B8873A9FA6E0}"
EndProject
Project("{FAE04EC0-301F-11D3-BF4B-00C04F79EFBC}") = "MagicDates", "MagicDates\MagicDates.csproj", "{46538D3C-AC1B-4F3A-AE02-8813CD7C9A9D}"
EndProject
Project("{FAE04EC0-301F-11D3-BF4B-00C04F79EFBC}") = "Schedule", "Schedule\Schedule.csproj", "{BC3B47E2-2B2D-41E7-910B-91D6744C6631}"
EndProject
Project("{FAE04EC0-301F-11D3-BF4B-00C04F79EFBC}") = "FruitMarket", "FruitMarket\FruitMarket.csproj", "{2CAE2A65-CA4C-4654-B35F-9083565EF14F}"
EndProject
Project("{FAE04EC0-301F-11D3-BF4B-00C04F79EFBC}") = "TheBiggestTriple", "TheBiggestTriple\TheBiggestTriple.csproj", "{B2167AAB-5211-48C3-9E75-AACE084BB130}"
EndProject
Project("{FAE04EC0-301F-11D3-BF4B-00C04F79EFBC}") = "`WineGlass", "`WineGlass\`WineGlass.csproj", "{1DE2FAEA-7F7D-4C19-B2AC-F50A267F0CCA}"
EndProject
Project("{FAE04EC0-301F-11D3-BF4B-00C04F79EFBC}") = "Arrow", "Arrow\Arrow.csproj", "{6B445075-9D83-46AD-9910-1E76E6717082}"
EndProject
Project("{FAE04EC0-301F-11D3-BF4B-00C04F79EFBC}") = "OddEvenElements", "OddEvenElements\OddEvenElements.csproj", "{FE2C8925-E7DA-41A7-8834-C384EDE70049}"
EndProject
Project("{FAE04EC0-301F-11D3-BF4B-00C04F79EFBC}") = "DNA", "DNA\DNA.csproj", "{F6C90816-DE6C-4746-8BC6-7F7309F56D58}"
EndProject
Project("{FAE04EC0-301F-11D3-BF4B-00C04F79EFBC}") = "Zadacha2", "Zadacha2\Zadacha2.csproj", "{028D97C7-90FD-492F-B7A4-69B5FFDE1BA4}"
EndProject
Global
	GlobalSection(SolutionConfigurationPlatforms) = preSolution
		Debug|Any CPU = Debug|Any CPU
		Release|Any CPU = Release|Any CPU
	EndGlobalSection
	GlobalSection(ProjectConfigurationPlatforms) = postSolution
		{663C9DA0-659C-4301-A152-7A1CEFA41FA2}.Debug|Any CPU.ActiveCfg = Debug|Any CPU
		{663C9DA0-659C-4301-A152-7A1CEFA41FA2}.Debug|Any CPU.Build.0 = Debug|Any CPU
		{663C9DA0-659C-4301-A152-7A1CEFA41FA2}.Release|Any CPU.ActiveCfg = Release|Any CPU
		{663C9DA0-659C-4301-A152-7A1CEFA41FA2}.Release|Any CPU.Build.0 = Release|Any CPU
		{2E723A08-BB70-43A2-B4EB-3213E994C159}.Debug|Any CPU.ActiveCfg = Debug|Any CPU
		{2E723A08-BB70-43A2-B4EB-3213E994C159}.Debug|Any CPU.Build.0 = Debug|Any CPU
		{2E723A08-BB70-43A2-B4EB-3213E994C159}.Release|Any CPU.ActiveCfg = Release|Any CPU
		{2E723A08-BB70-43A2-B4EB-3213E994C159}.Release|Any CPU.Build.0 = Release|Any CPU
		{5A71E46E-275D-413A-829D-9213E08E3D3E}.Debug|Any CPU.ActiveCfg = Debug|Any CPU
		{5A71E46E-275D-413A-829D-9213E08E3D3E}.Debug|Any CPU.Build.0 = Debug|Any CPU
		{5A71E46E-275D-413A-829D-9213E08E3D3E}.Release|Any CPU.ActiveCfg = Release|Any CPU
		{5A71E46E-275D-413A-829D-9213E08E3D3E}.Release|Any CPU.Build.0 = Release|Any CPU
		{749A771C-F797-4366-A334-8F4FFE1AFF93}.Debug|Any CPU.ActiveCfg = Debug|Any CPU
		{749A771C-F797-4366-A334-8F4FFE1AFF93}.Debug|Any CPU.Build.0 = Debug|Any CPU
		{749A771C-F797-4366-A334-8F4FFE1AFF93}.Release|Any CPU.ActiveCfg = Release|Any CPU
		{749A771C-F797-4366-A334-8F4FFE1AFF93}.Release|Any CPU.Build.0 = Release|Any CPU
		{19162C89-94F8-42BF-B3C7-EFA0A2FCDBDC}.Debug|Any CPU.ActiveCfg = Debug|Any CPU
		{19162C89-94F8-42BF-B3C7-EFA0A2FCDBDC}.Debug|Any CPU.Build.0 = Debug|Any CPU
		{19162C89-94F8-42BF-B3C7-EFA0A2FCDBDC}.Release|Any CPU.ActiveCfg = Release|Any CPU
		{19162C89-94F8-42BF-B3C7-EFA0A2FCDBDC}.Release|Any CPU.Build.0 = Release|Any CPU
		{2D23C93C-2F04-46AC-A0D7-5440707B9F0F}.Debug|Any CPU.ActiveCfg = Debug|Any CPU
		{2D23C93C-2F04-46AC-A0D7-5440707B9F0F}.Debug|Any CPU.Build.0 = Debug|Any CPU
		{2D23C93C-2F04-46AC-A0D7-5440707B9F0F}.Release|Any CPU.ActiveCfg = Release|Any CPU
		{2D23C93C-2F04-46AC-A0D7-5440707B9F0F}.Release|Any CPU.Build.0 = Release|Any CPU
		{318C3DEE-0646-40EB-9F8A-BE8656EEDA2D}.Debug|Any CPU.ActiveCfg = Debug|Any CPU
		{318C3DEE-0646-40EB-9F8A-BE8656EEDA2D}.Debug|Any CPU.Build.0 = Debug|Any CPU
		{318C3DEE-0646-40EB-9F8A-BE8656EEDA2D}.Release|Any CPU.ActiveCfg = Release|Any CPU
		{318C3DEE-0646-40EB-9F8A-BE8656EEDA2D}.Release|Any CPU.Build.0 = Release|Any CPU
		{2350A954-7859-42B0-A6FE-9329688369CF}.Debug|Any CPU.ActiveCfg = Debug|Any CPU
		{2350A954-7859-42B0-A6FE-9329688369CF}.Debug|Any CPU.Build.0 = Debug|Any CPU
		{2350A954-7859-42B0-A6FE-9329688369CF}.Release|Any CPU.ActiveCfg = Release|Any CPU
		{2350A954-7859-42B0-A6FE-9329688369CF}.Release|Any CPU.Build.0 = Release|Any CPU
		{0F29BB8C-639B-4FA1-AB55-D974520CB199}.Debug|Any CPU.ActiveCfg = Debug|Any CPU
		{0F29BB8C-639B-4FA1-AB55-D974520CB199}.Debug|Any CPU.Build.0 = Debug|Any CPU
		{0F29BB8C-639B-4FA1-AB55-D974520CB199}.Release|Any CPU.ActiveCfg = Release|Any CPU
		{0F29BB8C-639B-4FA1-AB55-D974520CB199}.Release|Any CPU.Build.0 = Release|Any CPU
		{BDB43C7E-528D-4293-A690-B843EC31FA8B}.Debug|Any CPU.ActiveCfg = Debug|Any CPU
		{BDB43C7E-528D-4293-A690-B843EC31FA8B}.Debug|Any CPU.Build.0 = Debug|Any CPU
		{BDB43C7E-528D-4293-A690-B843EC31FA8B}.Release|Any CPU.ActiveCfg = Release|Any CPU
		{BDB43C7E-528D-4293-A690-B843EC31FA8B}.Release|Any CPU.Build.0 = Release|Any CPU
		{F61EF271-79A3-4013-B03E-7BB2D5397AF2}.Debug|Any CPU.ActiveCfg = Debug|Any CPU
		{F61EF271-79A3-4013-B03E-7BB2D5397AF2}.Debug|Any CPU.Build.0 = Debug|Any CPU
		{F61EF271-79A3-4013-B03E-7BB2D5397AF2}.Release|Any CPU.ActiveCfg = Release|Any CPU
		{F61EF271-79A3-4013-B03E-7BB2D5397AF2}.Release|Any CPU.Build.0 = Release|Any CPU
		{A1A7A6EC-4DBD-4677-9023-B9E226A644D6}.Debug|Any CPU.ActiveCfg = Debug|Any CPU
		{A1A7A6EC-4DBD-4677-9023-B9E226A644D6}.Debug|Any CPU.Build.0 = Debug|Any CPU
		{A1A7A6EC-4DBD-4677-9023-B9E226A644D6}.Release|Any CPU.ActiveCfg = Release|Any CPU
		{A1A7A6EC-4DBD-4677-9023-B9E226A644D6}.Release|Any CPU.Build.0 = Release|Any CPU
		{51AEA36F-E4B7-4456-AD67-088FE85A45DA}.Debug|Any CPU.ActiveCfg = Debug|Any CPU
		{51AEA36F-E4B7-4456-AD67-088FE85A45DA}.Debug|Any CPU.Build.0 = Debug|Any CPU
		{51AEA36F-E4B7-4456-AD67-088FE85A45DA}.Release|Any CPU.ActiveCfg = Release|Any CPU
		{51AEA36F-E4B7-4456-AD67-088FE85A45DA}.Release|Any CPU.Build.0 = Release|Any CPU
		{DB66FA1E-E217-447E-927F-4F19F7E66D64}.Debug|Any CPU.ActiveCfg = Debug|Any CPU
		{DB66FA1E-E217-447E-927F-4F19F7E66D64}.Debug|Any CPU.Build.0 = Debug|Any CPU
		{DB66FA1E-E217-447E-927F-4F19F7E66D64}.Release|Any CPU.ActiveCfg = Release|Any CPU
		{DB66FA1E-E217-447E-927F-4F19F7E66D64}.Release|Any CPU.Build.0 = Release|Any CPU
		{90DFA915-23DD-49AE-863D-24C9326243AF}.Debug|Any CPU.ActiveCfg = Debug|Any CPU
		{90DFA915-23DD-49AE-863D-24C9326243AF}.Debug|Any CPU.Build.0 = Debug|Any CPU
		{90DFA915-23DD-49AE-863D-24C9326243AF}.Release|Any CPU.ActiveCfg = Release|Any CPU
		{90DFA915-23DD-49AE-863D-24C9326243AF}.Release|Any CPU.Build.0 = Release|Any CPU
		{2630004B-101C-4590-BB57-CA0DD1B576AB}.Debug|Any CPU.ActiveCfg = Debug|Any CPU
		{2630004B-101C-4590-BB57-CA0DD1B576AB}.Debug|Any CPU.Build.0 = Debug|Any CPU
		{2630004B-101C-4590-BB57-CA0DD1B576AB}.Release|Any CPU.ActiveCfg = Release|Any CPU
		{2630004B-101C-4590-BB57-CA0DD1B576AB}.Release|Any CPU.Build.0 = Release|Any CPU
		{0451F38C-2E90-459F-A918-A6A03A4A6CCE}.Debug|Any CPU.ActiveCfg = Debug|Any CPU
		{0451F38C-2E90-459F-A918-A6A03A4A6CCE}.Debug|Any CPU.Build.0 = Debug|Any CPU
		{0451F38C-2E90-459F-A918-A6A03A4A6CCE}.Release|Any CPU.ActiveCfg = Release|Any CPU
		{0451F38C-2E90-459F-A918-A6A03A4A6CCE}.Release|Any CPU.Build.0 = Release|Any CPU
		{3DAA23FD-F75C-4F0D-B982-176D61E912C8}.Debug|Any CPU.ActiveCfg = Debug|Any CPU
		{3DAA23FD-F75C-4F0D-B982-176D61E912C8}.Debug|Any CPU.Build.0 = Debug|Any CPU
		{3DAA23FD-F75C-4F0D-B982-176D61E912C8}.Release|Any CPU.ActiveCfg = Release|Any CPU
		{3DAA23FD-F75C-4F0D-B982-176D61E912C8}.Release|Any CPU.Build.0 = Release|Any CPU
		{08BC1FC7-2730-4BC6-807B-E482E491B131}.Debug|Any CPU.ActiveCfg = Debug|Any CPU
		{08BC1FC7-2730-4BC6-807B-E482E491B131}.Debug|Any CPU.Build.0 = Debug|Any CPU
		{08BC1FC7-2730-4BC6-807B-E482E491B131}.Release|Any CPU.ActiveCfg = Release|Any CPU
		{08BC1FC7-2730-4BC6-807B-E482E491B131}.Release|Any CPU.Build.0 = Release|Any CPU
		{4A11774E-32D8-4BBA-91C8-545B45F3A66B}.Debug|Any CPU.ActiveCfg = Debug|Any CPU
		{4A11774E-32D8-4BBA-91C8-545B45F3A66B}.Debug|Any CPU.Build.0 = Debug|Any CPU
		{4A11774E-32D8-4BBA-91C8-545B45F3A66B}.Release|Any CPU.ActiveCfg = Release|Any CPU
		{4A11774E-32D8-4BBA-91C8-545B45F3A66B}.Release|Any CPU.Build.0 = Release|Any CPU
		{A03DC2EB-A09A-40BD-A521-A5FFECD90098}.Debug|Any CPU.ActiveCfg = Debug|Any CPU
		{A03DC2EB-A09A-40BD-A521-A5FFECD90098}.Debug|Any CPU.Build.0 = Debug|Any CPU
		{A03DC2EB-A09A-40BD-A521-A5FFECD90098}.Release|Any CPU.ActiveCfg = Release|Any CPU
		{A03DC2EB-A09A-40BD-A521-A5FFECD90098}.Release|Any CPU.Build.0 = Release|Any CPU
		{6AB354FA-AA07-4A36-9647-B8873A9FA6E0}.Debug|Any CPU.ActiveCfg = Debug|Any CPU
		{6AB354FA-AA07-4A36-9647-B8873A9FA6E0}.Debug|Any CPU.Build.0 = Debug|Any CPU
		{6AB354FA-AA07-4A36-9647-B8873A9FA6E0}.Release|Any CPU.ActiveCfg = Release|Any CPU
		{6AB354FA-AA07-4A36-9647-B8873A9FA6E0}.Release|Any CPU.Build.0 = Release|Any CPU
		{46538D3C-AC1B-4F3A-AE02-8813CD7C9A9D}.Debug|Any CPU.ActiveCfg = Debug|Any CPU
		{46538D3C-AC1B-4F3A-AE02-8813CD7C9A9D}.Debug|Any CPU.Build.0 = Debug|Any CPU
		{46538D3C-AC1B-4F3A-AE02-8813CD7C9A9D}.Release|Any CPU.ActiveCfg = Release|Any CPU
		{46538D3C-AC1B-4F3A-AE02-8813CD7C9A9D}.Release|Any CPU.Build.0 = Release|Any CPU
		{BC3B47E2-2B2D-41E7-910B-91D6744C6631}.Debug|Any CPU.ActiveCfg = Debug|Any CPU
		{BC3B47E2-2B2D-41E7-910B-91D6744C6631}.Debug|Any CPU.Build.0 = Debug|Any CPU
		{BC3B47E2-2B2D-41E7-910B-91D6744C6631}.Release|Any CPU.ActiveCfg = Release|Any CPU
		{BC3B47E2-2B2D-41E7-910B-91D6744C6631}.Release|Any CPU.Build.0 = Release|Any CPU
		{2CAE2A65-CA4C-4654-B35F-9083565EF14F}.Debug|Any CPU.ActiveCfg = Debug|Any CPU
		{2CAE2A65-CA4C-4654-B35F-9083565EF14F}.Debug|Any CPU.Build.0 = Debug|Any CPU
		{2CAE2A65-CA4C-4654-B35F-9083565EF14F}.Release|Any CPU.ActiveCfg = Release|Any CPU
		{2CAE2A65-CA4C-4654-B35F-9083565EF14F}.Release|Any CPU.Build.0 = Release|Any CPU
		{B2167AAB-5211-48C3-9E75-AACE084BB130}.Debug|Any CPU.ActiveCfg = Debug|Any CPU
		{B2167AAB-5211-48C3-9E75-AACE084BB130}.Debug|Any CPU.Build.0 = Debug|Any CPU
		{B2167AAB-5211-48C3-9E75-AACE084BB130}.Release|Any CPU.ActiveCfg = Release|Any CPU
		{B2167AAB-5211-48C3-9E75-AACE084BB130}.Release|Any CPU.Build.0 = Release|Any CPU
		{1DE2FAEA-7F7D-4C19-B2AC-F50A267F0CCA}.Debug|Any CPU.ActiveCfg = Debug|Any CPU
		{1DE2FAEA-7F7D-4C19-B2AC-F50A267F0CCA}.Debug|Any CPU.Build.0 = Debug|Any CPU
		{1DE2FAEA-7F7D-4C19-B2AC-F50A267F0CCA}.Release|Any CPU.ActiveCfg = Release|Any CPU
		{1DE2FAEA-7F7D-4C19-B2AC-F50A267F0CCA}.Release|Any CPU.Build.0 = Release|Any CPU
		{6B445075-9D83-46AD-9910-1E76E6717082}.Debug|Any CPU.ActiveCfg = Debug|Any CPU
		{6B445075-9D83-46AD-9910-1E76E6717082}.Debug|Any CPU.Build.0 = Debug|Any CPU
		{6B445075-9D83-46AD-9910-1E76E6717082}.Release|Any CPU.ActiveCfg = Release|Any CPU
		{6B445075-9D83-46AD-9910-1E76E6717082}.Release|Any CPU.Build.0 = Release|Any CPU
		{FE2C8925-E7DA-41A7-8834-C384EDE70049}.Debug|Any CPU.ActiveCfg = Debug|Any CPU
		{FE2C8925-E7DA-41A7-8834-C384EDE70049}.Debug|Any CPU.Build.0 = Debug|Any CPU
		{FE2C8925-E7DA-41A7-8834-C384EDE70049}.Release|Any CPU.ActiveCfg = Release|Any CPU
		{FE2C8925-E7DA-41A7-8834-C384EDE70049}.Release|Any CPU.Build.0 = Release|Any CPU
		{F6C90816-DE6C-4746-8BC6-7F7309F56D58}.Debug|Any CPU.ActiveCfg = Debug|Any CPU
		{F6C90816-DE6C-4746-8BC6-7F7309F56D58}.Debug|Any CPU.Build.0 = Debug|Any CPU
		{F6C90816-DE6C-4746-8BC6-7F7309F56D58}.Release|Any CPU.ActiveCfg = Release|Any CPU
		{F6C90816-DE6C-4746-8BC6-7F7309F56D58}.Release|Any CPU.Build.0 = Release|Any CPU
		{028D97C7-90FD-492F-B7A4-69B5FFDE1BA4}.Debug|Any CPU.ActiveCfg = Debug|Any CPU
		{028D97C7-90FD-492F-B7A4-69B5FFDE1BA4}.Debug|Any CPU.Build.0 = Debug|Any CPU
		{028D97C7-90FD-492F-B7A4-69B5FFDE1BA4}.Release|Any CPU.ActiveCfg = Release|Any CPU
		{028D97C7-90FD-492F-B7A4-69B5FFDE1BA4}.Release|Any CPU.Build.0 = Release|Any CPU
	EndGlobalSection
	GlobalSection(SolutionProperties) = preSolution
		HideSolutionNode = FALSE
	EndGlobalSection
EndGlobal
